
Microsoft Visual Studio Solution File, Format Version 12.00
# Visual Studio 2013
VisualStudioVersion = 12.0.31101.0
MinimumVisualStudioVersion = 10.0.40219.1
Project("{FAE04EC0-301F-11D3-BF4B-00C04F79EFBC}") = "TypingGame", "TypingGame\TypingGame.csproj", "{7DF909F4-2211-41BB-AFC7-B8168450B6F3}"
EndProject
Project("{FAE04EC0-301F-11D3-BF4B-00C04F79EFBC}") = "TypingGame.Tests", "TypingGame.Tests\TypingGame.Tests.csproj", "{62ABBF69-D8BE-4FF3-BE17-D54DDFA19460}"
EndProject
Project("{FAE04EC0-301F-11D3-BF4B-00C04F79EFBC}") = "TypingGameService", "TypingGameService\TypingGameService.csproj", "{F4698D82-B463-47C0-A26C-D08C90910B6B}"
	ProjectSection(ProjectDependencies) = postProject
		{82044C43-7C5E-4914-8293-65734990601D} = {82044C43-7C5E-4914-8293-65734990601D}
	EndProjectSection
EndProject
Project("{FAE04EC0-301F-11D3-BF4B-00C04F79EFBC}") = "TypingGameWebService", "TypingGameWebService\TypingGameWebService.csproj", "{82044C43-7C5E-4914-8293-65734990601D}"
EndProject
Global
	GlobalSection(SolutionConfigurationPlatforms) = preSolution
		Debug|Any CPU = Debug|Any CPU
		Release|Any CPU = Release|Any CPU
	EndGlobalSection
	GlobalSection(ProjectConfigurationPlatforms) = postSolution
		{7DF909F4-2211-41BB-AFC7-B8168450B6F3}.Debug|Any CPU.ActiveCfg = Debug|Any CPU
		{7DF909F4-2211-41BB-AFC7-B8168450B6F3}.Debug|Any CPU.Build.0 = Debug|Any CPU
		{7DF909F4-2211-41BB-AFC7-B8168450B6F3}.Release|Any CPU.ActiveCfg = Release|Any CPU
		{7DF909F4-2211-41BB-AFC7-B8168450B6F3}.Release|Any CPU.Build.0 = Release|Any CPU
		{62ABBF69-D8BE-4FF3-BE17-D54DDFA19460}.Debug|Any CPU.ActiveCfg = Debug|Any CPU
		{62ABBF69-D8BE-4FF3-BE17-D54DDFA19460}.Debug|Any CPU.Build.0 = Debug|Any CPU
		{62ABBF69-D8BE-4FF3-BE17-D54DDFA19460}.Release|Any CPU.ActiveCfg = Release|Any CPU
		{62ABBF69-D8BE-4FF3-BE17-D54DDFA19460}.Release|Any CPU.Build.0 = Release|Any CPU
		{F4698D82-B463-47C0-A26C-D08C90910B6B}.Debug|Any CPU.ActiveCfg = Debug|Any CPU
		{F4698D82-B463-47C0-A26C-D08C90910B6B}.Debug|Any CPU.Build.0 = Debug|Any CPU
		{F4698D82-B463-47C0-A26C-D08C90910B6B}.Release|Any CPU.ActiveCfg = Release|Any CPU
		{F4698D82-B463-47C0-A26C-D08C90910B6B}.Release|Any CPU.Build.0 = Release|Any CPU
		{82044C43-7C5E-4914-8293-65734990601D}.Debug|Any CPU.ActiveCfg = Debug|Any CPU
		{82044C43-7C5E-4914-8293-65734990601D}.Debug|Any CPU.Build.0 = Debug|Any CPU
		{82044C43-7C5E-4914-8293-65734990601D}.Release|Any CPU.ActiveCfg = Release|Any CPU
		{82044C43-7C5E-4914-8293-65734990601D}.Release|Any CPU.Build.0 = Release|Any CPU
	EndGlobalSection
	GlobalSection(SolutionProperties) = preSolution
		HideSolutionNode = FALSE
	EndGlobalSection
EndGlobal
